
Microsoft Visual Studio Solution File, Format Version 12.00
# Visual Studio 15
VisualStudioVersion = 15.0.27703.2000
MinimumVisualStudioVersion = 10.0.40219.1
Project("{8BC9CEB8-8B4A-11D0-8D11-00A0C91BC942}") = "lkRay", "lkRay\lkRay.vcxproj", "{603E5503-19CD-4A47-AF94-3F934985EF21}"
EndProject
Project("{2150E333-8FDC-42A3-9474-1A3956D46DE8}") = "Deps", "Deps", "{A599B856-BAD0-41E8-B295-71C0E3CE5667}"
	ProjectSection(SolutionItems) = preProject
		Deps\prepare_deps.bat = Deps\prepare_deps.bat
	EndProjectSection
EndProject
Project("{2150E333-8FDC-42A3-9474-1A3956D46DE8}") = "Data", "Data", "{A79EDB3B-98F4-4E1E-B056-7392ADF19DA2}"
EndProject
Project("{2150E333-8FDC-42A3-9474-1A3956D46DE8}") = "Scenes", "Scenes", "{1D3D1C7A-8E06-4164-9FFC-3CD75CBFC68B}"
	ProjectSection(SolutionItems) = preProject
		Data\Scenes\balls.json = Data\Scenes\balls.json
		Data\Scenes\mirrors.json = Data\Scenes\mirrors.json
		Data\Scenes\plane.json = Data\Scenes\plane.json
		Data\Scenes\room.json = Data\Scenes\room.json
	EndProjectSection
EndProject
Global
	GlobalSection(SolutionConfigurationPlatforms) = preSolution
		Debug|x64 = Debug|x64
		Release|x64 = Release|x64
	EndGlobalSection
	GlobalSection(ProjectConfigurationPlatforms) = postSolution
		{603E5503-19CD-4A47-AF94-3F934985EF21}.Debug|x64.ActiveCfg = Debug|x64
		{603E5503-19CD-4A47-AF94-3F934985EF21}.Debug|x64.Build.0 = Debug|x64
		{603E5503-19CD-4A47-AF94-3F934985EF21}.Release|x64.ActiveCfg = Release|x64
		{603E5503-19CD-4A47-AF94-3F934985EF21}.Release|x64.Build.0 = Release|x64
	EndGlobalSection
	GlobalSection(SolutionProperties) = preSolution
		HideSolutionNode = FALSE
	EndGlobalSection
	GlobalSection(NestedProjects) = preSolution
		{1D3D1C7A-8E06-4164-9FFC-3CD75CBFC68B} = {A79EDB3B-98F4-4E1E-B056-7392ADF19DA2}
	EndGlobalSection
	GlobalSection(ExtensibilityGlobals) = postSolution
		SolutionGuid = {92F97087-F107-4903-ABA4-87FC24D2A869}
	EndGlobalSection
EndGlobal
