<?xml version="1.0" encoding="utf-8"?>
<Project ToolsVersion="4.0" xmlns="http://schemas.microsoft.com/developer/msbuild/2003">
  <ItemGroup>
    <Filter Include="Geometry">
      <UniqueIdentifier>{d91cf2ae-55bd-4af2-8cb5-37d715a587ab}</UniqueIdentifier>
    </Filter>
    <Filter Include="Scene">
      <UniqueIdentifier>{aa526120-d71a-4697-9123-23d468baa37e}</UniqueIdentifier>
    </Filter>
    <Filter Include="Renderer">
      <UniqueIdentifier>{131d3b5f-9eae-4f5d-b8ba-a101ff474f43}</UniqueIdentifier>
    </Filter>
  </ItemGroup>
  <ItemGroup>
    <ClCompile Include="Main.cpp" />
    <ClCompile Include="PCH.cpp" />
    <ClCompile Include="Geometry\Sphere.cpp">
      <Filter>Geometry</Filter>
    </ClCompile>
    <ClCompile Include="Geometry\Primitive.cpp">
      <Filter>Geometry</Filter>
    </ClCompile>
    <ClCompile Include="Geometry\Ray.cpp">
      <Filter>Geometry</Filter>
    </ClCompile>
    <ClCompile Include="Scene\Scene.cpp">
      <Filter>Scene</Filter>
    </ClCompile>
    <ClCompile Include="Renderer\Renderer.cpp">
      <Filter>Renderer</Filter>
    </ClCompile>
    <ClCompile Include="Scene\Camera.cpp">
      <Filter>Scene</Filter>
    </ClCompile>
    <ClCompile Include="Scene\Light.cpp">
      <Filter>Scene</Filter>
    </ClCompile>
    <ClCompile Include="Geometry\Mesh.cpp">
      <Filter>Geometry</Filter>
    </ClCompile>
    <ClCompile Include="Geometry\Triangle.cpp">
      <Filter>Geometry</Filter>
    </ClCompile>
    <ClCompile Include="Geometry\Plane.cpp">
      <Filter>Geometry</Filter>
    </ClCompile>
    <ClCompile Include="Scene\Material.cpp">
      <Filter>Scene</Filter>
    </ClCompile>
  </ItemGroup>
  <ItemGroup>
    <ClInclude Include="PCH.hpp" />
    <ClInclude Include="Geometry\Sphere.hpp">
      <Filter>Geometry</Filter>
    </ClInclude>
    <ClInclude Include="Geometry\Primitive.hpp">
      <Filter>Geometry</Filter>
    </ClInclude>
    <ClInclude Include="Geometry\Ray.hpp">
      <Filter>Geometry</Filter>
    </ClInclude>
    <ClInclude Include="Scene\Scene.hpp">
      <Filter>Scene</Filter>
    </ClInclude>
    <ClInclude Include="Renderer\Renderer.hpp">
      <Filter>Renderer</Filter>
    </ClInclude>
    <ClInclude Include="Scene\Camera.hpp">
      <Filter>Scene</Filter>
    </ClInclude>
    <ClInclude Include="Scene\Light.hpp">
      <Filter>Scene</Filter>
    </ClInclude>
    <ClInclude Include="Geometry\Mesh.hpp">
      <Filter>Geometry</Filter>
    </ClInclude>
    <ClInclude Include="Geometry\Plane.hpp">
      <Filter>Geometry</Filter>
    </ClInclude>
    <ClInclude Include="Geometry\Triangle.hpp">
      <Filter>Geometry</Filter>
    </ClInclude>
    <ClInclude Include="Scene\Material.hpp">
      <Filter>Scene</Filter>
    </ClInclude>
  </ItemGroup>
</Project>