<?xml version="1.0" encoding="utf-8"?>
<Project ToolsVersion="4.0" xmlns="http://schemas.microsoft.com/developer/msbuild/2003">
  <ItemGroup>
    <Filter Include="Geometry">
      <UniqueIdentifier>{d91cf2ae-55bd-4af2-8cb5-37d715a587ab}</UniqueIdentifier>
    </Filter>
    <Filter Include="Scene">
      <UniqueIdentifier>{aa526120-d71a-4697-9123-23d468baa37e}</UniqueIdentifier>
    </Filter>
    <Filter Include="Renderer">
      <UniqueIdentifier>{131d3b5f-9eae-4f5d-b8ba-a101ff474f43}</UniqueIdentifier>
    </Filter>
    <Filter Include="Material">
      <UniqueIdentifier>{1b6dc3a6-6aaf-4e34-a281-b0a47ce3fd1f}</UniqueIdentifier>
    </Filter>
    <Filter Include="Distribution">
      <UniqueIdentifier>{033a7fbe-8b5a-4bbe-8333-b9a6e27d24a8}</UniqueIdentifier>
    </Filter>
    <Filter Include="Light">
      <UniqueIdentifier>{c1ac6a8d-c03b-4fd4-a25b-ff51ffc10ff1}</UniqueIdentifier>
    </Filter>
  </ItemGroup>
  <ItemGroup>
    <ClCompile Include="Main.cpp" />
    <ClCompile Include="PCH.cpp" />
    <ClCompile Include="Geometry\Sphere.cpp">
      <Filter>Geometry</Filter>
    </ClCompile>
    <ClCompile Include="Geometry\Primitive.cpp">
      <Filter>Geometry</Filter>
    </ClCompile>
    <ClCompile Include="Geometry\Ray.cpp">
      <Filter>Geometry</Filter>
    </ClCompile>
    <ClCompile Include="Scene\Scene.cpp">
      <Filter>Scene</Filter>
    </ClCompile>
    <ClCompile Include="Renderer\Renderer.cpp">
      <Filter>Renderer</Filter>
    </ClCompile>
    <ClCompile Include="Scene\Camera.cpp">
      <Filter>Scene</Filter>
    </ClCompile>
    <ClCompile Include="Geometry\Mesh.cpp">
      <Filter>Geometry</Filter>
    </ClCompile>
    <ClCompile Include="Geometry\Triangle.cpp">
      <Filter>Geometry</Filter>
    </ClCompile>
    <ClCompile Include="Geometry\Plane.cpp">
      <Filter>Geometry</Filter>
    </ClCompile>
    <ClCompile Include="Material\Material.cpp">
      <Filter>Material</Filter>
    </ClCompile>
    <ClCompile Include="Material\Matte.cpp">
      <Filter>Material</Filter>
    </ClCompile>
    <ClCompile Include="Renderer\RayCollision.cpp">
      <Filter>Renderer</Filter>
    </ClCompile>
    <ClCompile Include="Material\Mirror.cpp">
      <Filter>Material</Filter>
    </ClCompile>
    <ClCompile Include="Distribution\SpecularReflection.cpp">
      <Filter>Distribution</Filter>
    </ClCompile>
    <ClCompile Include="Distribution\Function.cpp">
      <Filter>Distribution</Filter>
    </ClCompile>
    <ClCompile Include="Distribution\Lambertian.cpp">
      <Filter>Distribution</Filter>
    </ClCompile>
    <ClCompile Include="Constants.cpp" />
    <ClCompile Include="Scene\Containers.cpp">
      <Filter>Scene</Filter>
    </ClCompile>
    <ClCompile Include="Renderer\SurfaceDistribution.cpp">
      <Filter>Renderer</Filter>
    </ClCompile>
    <ClCompile Include="Renderer\PathContext.cpp">
      <Filter>Renderer</Filter>
    </ClCompile>
    <ClCompile Include="Renderer\ThreadData.cpp">
      <Filter>Renderer</Filter>
    </ClCompile>
    <ClCompile Include="Light\DirLight.cpp">
      <Filter>Light</Filter>
    </ClCompile>
    <ClCompile Include="Light\Light.cpp">
      <Filter>Light</Filter>
    </ClCompile>
    <ClCompile Include="Light\PointLight.cpp">
      <Filter>Light</Filter>
    </ClCompile>
    <ClCompile Include="Light\SpotLight.cpp">
      <Filter>Light</Filter>
    </ClCompile>
    <ClCompile Include="Geometry\AABB.cpp">
      <Filter>Geometry</Filter>
    </ClCompile>
    <ClCompile Include="Geometry\Vertex.cpp">
      <Filter>Geometry</Filter>
    </ClCompile>
  </ItemGroup>
  <ItemGroup>
    <ClInclude Include="PCH.hpp" />
    <ClInclude Include="Geometry\Sphere.hpp">
      <Filter>Geometry</Filter>
    </ClInclude>
    <ClInclude Include="Geometry\Primitive.hpp">
      <Filter>Geometry</Filter>
    </ClInclude>
    <ClInclude Include="Geometry\Ray.hpp">
      <Filter>Geometry</Filter>
    </ClInclude>
    <ClInclude Include="Scene\Scene.hpp">
      <Filter>Scene</Filter>
    </ClInclude>
    <ClInclude Include="Renderer\Renderer.hpp">
      <Filter>Renderer</Filter>
    </ClInclude>
    <ClInclude Include="Scene\Camera.hpp">
      <Filter>Scene</Filter>
    </ClInclude>
    <ClInclude Include="Geometry\Mesh.hpp">
      <Filter>Geometry</Filter>
    </ClInclude>
    <ClInclude Include="Geometry\Plane.hpp">
      <Filter>Geometry</Filter>
    </ClInclude>
    <ClInclude Include="Geometry\Triangle.hpp">
      <Filter>Geometry</Filter>
    </ClInclude>
    <ClInclude Include="Material\Material.hpp">
      <Filter>Material</Filter>
    </ClInclude>
    <ClInclude Include="Material\Matte.hpp">
      <Filter>Material</Filter>
    </ClInclude>
    <ClInclude Include="Renderer\RayCollision.hpp">
      <Filter>Renderer</Filter>
    </ClInclude>
    <ClInclude Include="Material\Mirror.hpp">
      <Filter>Material</Filter>
    </ClInclude>
    <ClInclude Include="Distribution\SpecularReflection.hpp">
      <Filter>Distribution</Filter>
    </ClInclude>
    <ClInclude Include="Distribution\Function.hpp">
      <Filter>Distribution</Filter>
    </ClInclude>
    <ClInclude Include="Distribution\Lambertian.hpp">
      <Filter>Distribution</Filter>
    </ClInclude>
    <ClInclude Include="Constants.hpp" />
    <ClInclude Include="Types.hpp" />
    <ClInclude Include="Scene\Containers.hpp">
      <Filter>Scene</Filter>
    </ClInclude>
    <ClInclude Include="Renderer\SurfaceDistribution.hpp">
      <Filter>Renderer</Filter>
    </ClInclude>
    <ClInclude Include="Renderer\PathContext.hpp">
      <Filter>Renderer</Filter>
    </ClInclude>
    <ClInclude Include="Renderer\ThreadData.hpp">
      <Filter>Renderer</Filter>
    </ClInclude>
    <ClInclude Include="Prerequisites.hpp" />
    <ClInclude Include="Light\DirLight.hpp">
      <Filter>Light</Filter>
    </ClInclude>
    <ClInclude Include="Light\Light.hpp">
      <Filter>Light</Filter>
    </ClInclude>
    <ClInclude Include="Light\PointLight.hpp">
      <Filter>Light</Filter>
    </ClInclude>
    <ClInclude Include="Light\SpotLight.hpp">
      <Filter>Light</Filter>
    </ClInclude>
    <ClInclude Include="Scene\BVH.hpp">
      <Filter>Scene</Filter>
    </ClInclude>
    <ClInclude Include="Geometry\AABB.hpp">
      <Filter>Geometry</Filter>
    </ClInclude>
    <ClInclude Include="Scene\BVHImpl.hpp">
      <Filter>Scene</Filter>
    </ClInclude>
    <ClInclude Include="Geometry\Vertex.hpp">
      <Filter>Geometry</Filter>
    </ClInclude>
  </ItemGroup>
  <ItemGroup>
    <Text Include="CMakeLists.txt" />
  </ItemGroup>
</Project>